
Microsoft Visual Studio Solution File, Format Version 12.00
# Visual Studio Version 16
VisualStudioVersion = 16.0.30804.86
MinimumVisualStudioVersion = 10.0.40219.1
Project("{FAE04EC0-301F-11D3-BF4B-00C04F79EFBC}") = "GrpcServerSideStreamingService", "GrpcServerSideStreamingService\GrpcServerSideStreamingService.csproj", "{778678D1-4236-4C92-8374-AABF03831313}"
EndProject
Project("{FAE04EC0-301F-11D3-BF4B-00C04F79EFBC}") = "GrpcClientSideStreamingService", "GrpcClientSideStreamingService\GrpcClientSideStreamingService.csproj", "{7AB2D6A9-42DF-4B31-9354-EC54AC598CA0}"
EndProject
Global
	GlobalSection(SolutionConfigurationPlatforms) = preSolution
		Debug|Any CPU = Debug|Any CPU
		Release|Any CPU = Release|Any CPU
	EndGlobalSection
	GlobalSection(ProjectConfigurationPlatforms) = postSolution
		{778678D1-4236-4C92-8374-AABF03831313}.Debug|Any CPU.ActiveCfg = Debug|Any CPU
		{778678D1-4236-4C92-8374-AABF03831313}.Debug|Any CPU.Build.0 = Debug|Any CPU
		{778678D1-4236-4C92-8374-AABF03831313}.Release|Any CPU.ActiveCfg = Release|Any CPU
		{778678D1-4236-4C92-8374-AABF03831313}.Release|Any CPU.Build.0 = Release|Any CPU
		{7AB2D6A9-42DF-4B31-9354-EC54AC598CA0}.Debug|Any CPU.ActiveCfg = Debug|Any CPU
		{7AB2D6A9-42DF-4B31-9354-EC54AC598CA0}.Debug|Any CPU.Build.0 = Debug|Any CPU
		{7AB2D6A9-42DF-4B31-9354-EC54AC598CA0}.Release|Any CPU.ActiveCfg = Release|Any CPU
		{7AB2D6A9-42DF-4B31-9354-EC54AC598CA0}.Release|Any CPU.Build.0 = Release|Any CPU
	EndGlobalSection
	GlobalSection(SolutionProperties) = preSolution
		HideSolutionNode = FALSE
	EndGlobalSection
	GlobalSection(ExtensibilityGlobals) = postSolution
		SolutionGuid = {AB4C4F76-273E-432F-9040-C4B38C76BE53}
	EndGlobalSection
EndGlobal
